
Microsoft Visual Studio Solution File, Format Version 12.00
# Visual Studio Version 16
VisualStudioVersion = 16.0.29326.143
MinimumVisualStudioVersion = 10.0.40219.1
Project("{FAE04EC0-301F-11D3-BF4B-00C04F79EFBC}") = "dbDemo", "dbDemo\dbDemo.csproj", "{BF55B05E-15AF-4F64-B205-07E6404B3A52}"
EndProject
Global
	GlobalSection(SolutionConfigurationPlatforms) = preSolution
		Debug|Any CPU = Debug|Any CPU
		Release|Any CPU = Release|Any CPU
	EndGlobalSection
	GlobalSection(ProjectConfigurationPlatforms) = postSolution
		{BF55B05E-15AF-4F64-B205-07E6404B3A52}.Debug|Any CPU.ActiveCfg = Debug|Any CPU
		{BF55B05E-15AF-4F64-B205-07E6404B3A52}.Debug|Any CPU.Build.0 = Debug|Any CPU
		{BF55B05E-15AF-4F64-B205-07E6404B3A52}.Release|Any CPU.ActiveCfg = Release|Any CPU
		{BF55B05E-15AF-4F64-B205-07E6404B3A52}.Release|Any CPU.Build.0 = Release|Any CPU
	EndGlobalSection
	GlobalSection(SolutionProperties) = preSolution
		HideSolutionNode = FALSE
	EndGlobalSection
	GlobalSection(ExtensibilityGlobals) = postSolution
		SolutionGuid = {A142C89B-F0C5-40FD-A216-D827A2175540}
	EndGlobalSection
EndGlobal
